{
  "version": 4,
  "terraform_version": "1.3.7",
  "serial": 7,
  "lineage": "ad3a1184-e88b-d780-d43b-8c23f75c2b12",
  "outputs": {},
  "resources": [
    {
      "mode": "managed",
      "type": "aws_iam_user",
      "name": "user",
      "provider": "provider[\"registry.terraform.io/hashicorp/aws\"]",
      "instances": [
        {
          "schema_version": 0,
          "attributes": {
            "arn": "arn:aws:iam::817493965393:user/dev2",
            "force_destroy": false,
            "id": "dev2",
            "name": "dev2",
            "path": "/",
            "permissions_boundary": null,
            "tags": null,
            "tags_all": {},
            "unique_id": "AIDA34VTP7JIQJFZPFMUF"
          },
          "sensitive_attributes": [],
          "private": "bnVsbA=="
        }
      ]
    }
  ],
  "check_results": null
}
