{
  "version": 4,
  "terraform_version": "1.3.7",
  "serial": 4,
  "lineage": "3572f1cf-1bde-7c04-253a-27de4a890c70",
  "outputs": {},
  "resources": [
    {
      "mode": "managed",
      "type": "aws_wafv2_ip_set",
      "name": "set",
      "provider": "provider[\"registry.terraform.io/hashicorp/aws\"]",
      "instances": [
        {
          "schema_version": 0,
          "attributes": {
            "addresses": [
              "18.214.251.51/32",
              "18.232.42.35/32",
              "54.157.102.120/32",
              "54.200.167.2/32",
              "54.226.57.126/32"
            ],
            "arn": "arn:aws:wafv2:ap-south-1:817493965393:regional/ipset/WAFIPSet/ab5c3f5e-9a47-4e4e-adfb-54f2ba84303e",
            "description": "To allow ip",
            "id": "ab5c3f5e-9a47-4e4e-adfb-54f2ba84303e",
            "ip_address_version": "IPV4",
            "lock_token": "8a2c32b8-c30b-41cf-9089-fed60111daac",
            "name": "WAFIPSet",
            "scope": "REGIONAL",
            "tags": null,
            "tags_all": {}
          },
          "sensitive_attributes": [],
          "private": "bnVsbA=="
        }
      ]
    },
    {
      "mode": "managed",
      "type": "aws_wafv2_regex_pattern_set",
      "name": "regex_pattern",
      "provider": "provider[\"registry.terraform.io/hashicorp/aws\"]",
      "instances": [
        {
          "schema_version": 0,
          "attributes": {
            "arn": "arn:aws:wafv2:ap-south-1:817493965393:regional/regexpatternset/RegexPattern/6c324b49-314a-4af8-8644-1817f0d5af24",
            "description": "",
            "id": "6c324b49-314a-4af8-8644-1817f0d5af24",
            "lock_token": "ffac1470-1a23-407f-b750-f4fde221e056",
            "name": "RegexPattern",
            "regular_expression": [
              {
                "regex_string": "/\\/ifw|\\/ajax|\\/graphql/gm"
              }
            ],
            "scope": "REGIONAL",
            "tags": null,
            "tags_all": {}
          },
          "sensitive_attributes": [],
          "private": "bnVsbA=="
        }
      ]
    },
    {
      "mode": "managed",
      "type": "aws_wafv2_web_acl",
      "name": "acl1",
      "provider": "provider[\"registry.terraform.io/hashicorp/aws\"]",
      "instances": [
        {
          "schema_version": 0,
          "attributes": {
            "arn": "arn:aws:wafv2:ap-south-1:817493965393:regional/webacl/WAF/4951b477-f9b6-4639-b4af-3773dbfbb235",
            "capacity": 27,
            "custom_response_body": [],
            "default_action": [
              {
                "allow": [
                  {
                    "custom_request_handling": []
                  }
                ],
                "block": []
              }
            ],
            "description": "Setting up WAF",
            "id": "4951b477-f9b6-4639-b4af-3773dbfbb235",
            "lock_token": "35736cd1-20da-4fc0-b6c0-8d8f6974be9f",
            "name": "WAF",
            "rule": [
              {
                "action": [
                  {
                    "allow": [
                      {
                        "custom_request_handling": []
                      }
                    ],
                    "block": [],
                    "captcha": [],
                    "count": []
                  }
                ],
                "name": "IP",
                "override_action": [],
                "priority": 3,
                "rule_label": [],
                "statement": [
                  {
                    "and_statement": [],
                    "byte_match_statement": [],
                    "geo_match_statement": [],
                    "ip_set_reference_statement": [
                      {
                        "arn": "arn:aws:wafv2:ap-south-1:817493965393:regional/ipset/WAFIPSet/ab5c3f5e-9a47-4e4e-adfb-54f2ba84303e",
                        "ip_set_forwarded_ip_config": []
                      }
                    ],
                    "label_match_statement": [],
                    "managed_rule_group_statement": [],
                    "not_statement": [],
                    "or_statement": [],
                    "rate_based_statement": [],
                    "regex_match_statement": [],
                    "regex_pattern_set_reference_statement": [],
                    "rule_group_reference_statement": [],
                    "size_constraint_statement": [],
                    "sqli_match_statement": [],
                    "xss_match_statement": []
                  }
                ],
                "visibility_config": [
                  {
                    "cloudwatch_metrics_enabled": true,
                    "metric_name": "IP-metric",
                    "sampled_requests_enabled": true
                  }
                ]
              },
              {
                "action": [
                  {
                    "allow": [],
                    "block": [
                      {
                        "custom_response": []
                      }
                    ],
                    "captcha": [],
                    "count": []
                  }
                ],
                "name": "BlockChina",
                "override_action": [],
                "priority": 0,
                "rule_label": [],
                "statement": [
                  {
                    "and_statement": [
                      {
                        "statement": [
                          {
                            "and_statement": [],
                            "byte_match_statement": [],
                            "geo_match_statement": [
                              {
                                "country_codes": [
                                  "CN"
                                ],
                                "forwarded_ip_config": []
                              }
                            ],
                            "ip_set_reference_statement": [],
                            "label_match_statement": [],
                            "not_statement": [],
                            "or_statement": [],
                            "regex_match_statement": [],
                            "regex_pattern_set_reference_statement": [],
                            "size_constraint_statement": [],
                            "sqli_match_statement": [],
                            "xss_match_statement": []
                          },
                          {
                            "and_statement": [],
                            "byte_match_statement": [],
                            "geo_match_statement": [],
                            "ip_set_reference_statement": [],
                            "label_match_statement": [],
                            "not_statement": [
                              {
                                "statement": [
                                  {
                                    "and_statement": [],
                                    "byte_match_statement": [],
                                    "geo_match_statement": [],
                                    "ip_set_reference_statement": [],
                                    "label_match_statement": [],
                                    "not_statement": [],
                                    "or_statement": [],
                                    "regex_match_statement": [],
                                    "regex_pattern_set_reference_statement": [
                                      {
                                        "arn": "arn:aws:wafv2:ap-south-1:817493965393:regional/regexpatternset/RegexPattern/6c324b49-314a-4af8-8644-1817f0d5af24",
                                        "field_to_match": [
                                          {
                                            "all_query_arguments": [],
                                            "body": [],
                                            "cookies": [],
                                            "headers": [],
                                            "json_body": [],
                                            "method": [],
                                            "query_string": [],
                                            "single_header": [],
                                            "single_query_argument": [],
                                            "uri_path": [
                                              {}
                                            ]
                                          }
                                        ],
                                        "text_transformation": [
                                          {
                                            "priority": 0,
                                            "type": "NONE"
                                          }
                                        ]
                                      }
                                    ],
                                    "size_constraint_statement": [],
                                    "sqli_match_statement": [],
                                    "xss_match_statement": []
                                  }
                                ]
                              }
                            ],
                            "or_statement": [],
                            "regex_match_statement": [],
                            "regex_pattern_set_reference_statement": [],
                            "size_constraint_statement": [],
                            "sqli_match_statement": [],
                            "xss_match_statement": []
                          }
                        ]
                      }
                    ],
                    "byte_match_statement": [],
                    "geo_match_statement": [],
                    "ip_set_reference_statement": [],
                    "label_match_statement": [],
                    "managed_rule_group_statement": [],
                    "not_statement": [],
                    "or_statement": [],
                    "rate_based_statement": [],
                    "regex_match_statement": [],
                    "regex_pattern_set_reference_statement": [],
                    "rule_group_reference_statement": [],
                    "size_constraint_statement": [],
                    "sqli_match_statement": [],
                    "xss_match_statement": []
                  }
                ],
                "visibility_config": [
                  {
                    "cloudwatch_metrics_enabled": true,
                    "metric_name": "BlockChina-metric",
                    "sampled_requests_enabled": true
                  }
                ]
              }
            ],
            "scope": "REGIONAL",
            "tags": null,
            "tags_all": {},
            "visibility_config": [
              {
                "cloudwatch_metrics_enabled": true,
                "metric_name": "WAF-metric",
                "sampled_requests_enabled": true
              }
            ]
          },
          "sensitive_attributes": [],
          "private": "bnVsbA==",
          "dependencies": [
            "aws_wafv2_ip_set.set",
            "aws_wafv2_regex_pattern_set.regex_pattern"
          ]
        }
      ]
    }
  ],
  "check_results": null
}
